{
  "requires": true,
  "lockfileVersion": 1,
  "dependencies": {
    "@react-native-clipboard/clipboard": {
      "version": "1.9.0",
      "resolved": "https://registry.npmjs.org/@react-native-clipboard/clipboard/-/clipboard-1.9.0.tgz",
      "integrity": "sha512-O/ohFq1CAQLfoNc376Z3W6gvVcCJlje5AVk0JhsI8Q40hn+NXAWCnOM1bEePfC0uDMtp0/RCK6FotUvkQ6c4Zw=="
    }
  }
}
